
Microsoft Visual Studio Solution File, Format Version 12.00
# Visual Studio Version 17
VisualStudioVersion = 17.7.34221.43
MinimumVisualStudioVersion = 10.0.40219.1
Project("{FAE04EC0-301F-11D3-BF4B-00C04F79EFBC}") = "ImageVisualizerDemo", "ImageVisualizerDemo\ImageVisualizerDemo.csproj", "{64B5240D-FE06-4BFE-BB6D-4E3014413459}"
EndProject
Project("{FAE04EC0-301F-11D3-BF4B-00C04F79EFBC}") = "ImageVisualizer", "..\ImageVisualizer\ImageVisualizer\ImageVisualizer.csproj", "{C4446613-494A-4F3D-B941-783CEB52BA2F}"
EndProject
Global
	GlobalSection(SolutionConfigurationPlatforms) = preSolution
		Debug|Any CPU = Debug|Any CPU
		Release|Any CPU = Release|Any CPU
	EndGlobalSection
	GlobalSection(ProjectConfigurationPlatforms) = postSolution
		{64B5240D-FE06-4BFE-BB6D-4E3014413459}.Debug|Any CPU.ActiveCfg = Debug|Any CPU
		{64B5240D-FE06-4BFE-BB6D-4E3014413459}.Debug|Any CPU.Build.0 = Debug|Any CPU
		{64B5240D-FE06-4BFE-BB6D-4E3014413459}.Release|Any CPU.ActiveCfg = Release|Any CPU
		{64B5240D-FE06-4BFE-BB6D-4E3014413459}.Release|Any CPU.Build.0 = Release|Any CPU
		{C4446613-494A-4F3D-B941-783CEB52BA2F}.Debug|Any CPU.ActiveCfg = Debug|Any CPU
		{C4446613-494A-4F3D-B941-783CEB52BA2F}.Debug|Any CPU.Build.0 = Debug|Any CPU
		{C4446613-494A-4F3D-B941-783CEB52BA2F}.Release|Any CPU.ActiveCfg = Release|Any CPU
		{C4446613-494A-4F3D-B941-783CEB52BA2F}.Release|Any CPU.Build.0 = Release|Any CPU
	EndGlobalSection
	GlobalSection(SolutionProperties) = preSolution
		HideSolutionNode = FALSE
	EndGlobalSection
	GlobalSection(ExtensibilityGlobals) = postSolution
		SolutionGuid = {65C56992-6E4B-4833-882C-6B1EE2B019CC}
	EndGlobalSection
EndGlobal
